dependencies:
- name: postgresql-setup
  repository: file://postgresql
  version: 0.1.0
- name: redis-setup
  repository: file://redis
  version: 0.1.0
- name: kafka-setup
  repository: file://kafka
  version: 0.1.0
digest: sha256:db4d6c4835c84e74f5a8520520d53b964c298d394b6da38e126e1d1066255d24
generated: "2025-10-02T01:28:59.226564+01:00"
